
Microsoft Visual Studio Solution File, Format Version 12.00
# Visual Studio 15
VisualStudioVersion = 15.0.27428.2005
MinimumVisualStudioVersion = 10.0.40219.1
Project("{FAE04EC0-301F-11D3-BF4B-00C04F79EFBC}") = "Serilog.Sinks.AmazonSimpleEmailService", "Serilog.Sinks.AmazonSimpleEmailService\Serilog.Sinks.AmazonSimpleEmailService.csproj", "{97B4209C-655F-49E8-A601-82C265953060}"
EndProject
Project("{FAE04EC0-301F-11D3-BF4B-00C04F79EFBC}") = "Serilog.Sinks.AmazonSimpleEmailService.Core", "Serilog.Sinks.AmazonSimpleEmailService.Core\Serilog.Sinks.AmazonSimpleEmailService.Core.csproj", "{7FE5B66E-D5D2-4768-B548-F932F874A20C}"
EndProject
Global
	GlobalSection(SolutionConfigurationPlatforms) = preSolution
		Debug|Any CPU = Debug|Any CPU
		Release|Any CPU = Release|Any CPU
	EndGlobalSection
	GlobalSection(ProjectConfigurationPlatforms) = postSolution
		{97B4209C-655F-49E8-A601-82C265953060}.Debug|Any CPU.ActiveCfg = Debug|Any CPU
		{97B4209C-655F-49E8-A601-82C265953060}.Debug|Any CPU.Build.0 = Debug|Any CPU
		{97B4209C-655F-49E8-A601-82C265953060}.Release|Any CPU.ActiveCfg = Release|Any CPU
		{97B4209C-655F-49E8-A601-82C265953060}.Release|Any CPU.Build.0 = Release|Any CPU
		{7FE5B66E-D5D2-4768-B548-F932F874A20C}.Debug|Any CPU.ActiveCfg = Debug|Any CPU
		{7FE5B66E-D5D2-4768-B548-F932F874A20C}.Debug|Any CPU.Build.0 = Debug|Any CPU
		{7FE5B66E-D5D2-4768-B548-F932F874A20C}.Release|Any CPU.ActiveCfg = Release|Any CPU
		{7FE5B66E-D5D2-4768-B548-F932F874A20C}.Release|Any CPU.Build.0 = Release|Any CPU
	EndGlobalSection
	GlobalSection(SolutionProperties) = preSolution
		HideSolutionNode = FALSE
	EndGlobalSection
	GlobalSection(ExtensibilityGlobals) = postSolution
		SolutionGuid = {52257C07-8188-44F2-8250-830CD700CFD9}
	EndGlobalSection
EndGlobal
